# @generated by Move, please check-in and do not edit manually.

[move]
version = 3
manifest_digest = "283364E25A2DC97D6A7E7882936F6DC4050C083883BA8A836F644DB6F3B64B17"
deps_digest = "F8BBB0CCB2491CA29A3DF03D6F92277A4F3574266507ACD77214D37ECA3F3082"
dependencies = [
  { id = "Iota", name = "Iota" },
]

[[move.package]]
id = "Iota"
source = { git = "https://github.com/iotaledger/iota", rev = "develop", subdir = "crates/iota-framework/packages/iota-framework" }

dependencies = [
  { id = "MoveStdlib", name = "MoveStdlib" },
]

[[move.package]]
id = "MoveStdlib"
source = { git = "https://github.com/iotaledger/iota", rev = "develop", subdir = "crates\\iota-framework\\packages\\move-stdlib" }

[move.toolchain-version]
compiler-version = "1.12.0"
edition = "2024"
flavor = "iota"

[env]

[env.testnet]
chain-id = "2304aa97"
original-published-id = "0xd3b09e164b000d53349caf1a4745c4477cb486b10c7bd33c388d0d2e97539c96"
latest-published-id = "0xd3b09e164b000d53349caf1a4745c4477cb486b10c7bd33c388d0d2e97539c96"
published-version = "1"
